{
  "name": "@j.u.p.iter/validator",
  "version": "1.0.52",
  "lockfileVersion": 1,
  "requires": true,
  "dependencies": {
    "@j.u.p.iter/errors": {
      "version": "1.0.3",
      "resolved": "https://registry.npmjs.org/@j.u.p.iter/errors/-/errors-1.0.3.tgz",
      "integrity": "sha1-yo061QgEh8/j2dZaF8aaPm7hgU4="
    },
    "@j.u.p.iter/i18n": {
      "version": "1.0.10",
      "resolved": "https://registry.npmjs.org/@j.u.p.iter/i18n/-/i18n-1.0.10.tgz",
      "integrity": "sha1-vzxVxKoKER18yxZD+7fZ1b4S8ow=",
      "requires": {
        "intl-messageformat": "1.3.0"
      }
    },
    "@j.u.p.iter/json-parser": {
      "version": "1.0.4",
      "resolved": "https://registry.npmjs.org/@j.u.p.iter/json-parser/-/json-parser-1.0.4.tgz",
      "integrity": "sha1-BBGiHfonBweetCq92JgW5eTgKb4="
    },
    "@types/node": {
      "version": "7.0.53",
      "resolved": "https://registry.npmjs.org/@types/node/-/node-7.0.53.tgz",
      "integrity": "sha512-tLgSJHvGsqb/70B3jgkhb9rKVpHv38ixC7TOBqo68ajABkp69EhUFFNXu7MSMFa+cWCSm/zVXqylwh/728XlGg==",
      "dev": true
    },
    "@types/ramda": {
      "version": "0.25.17",
      "resolved": "https://registry.npmjs.org/@types/ramda/-/ramda-0.25.17.tgz",
      "integrity": "sha512-CNPC7KqhmOYhTtD4zFJDkmZ+i8UcCoVOXKq1MDpjduxkoP6aCWVdnZQTaeN8qtz89bMxkCHcMu4mUTqwuKlyYw==",
      "dev": true
    },
    "@types/underscore": {
      "version": "1.8.7",
      "resolved": "https://registry.npmjs.org/@types/underscore/-/underscore-1.8.7.tgz",
      "integrity": "sha512-vMSV6VOWFVBcud1bBUKJVVhXmmx136Run3p1xK00XViC2pQnXXrveU79S13h2+Im/TBhtMtTufid+dbysd3m/g==",
      "dev": true
    },
    "@types/validator": {
      "version": "6.3.0",
      "resolved": "https://registry.npmjs.org/@types/validator/-/validator-6.3.0.tgz",
      "integrity": "sha512-fUc+9BEr1WWW8wVRl5I/pyRDGZNe9nH06kOzlGH3eN7N8VVPW/zSrE0Vdca6G2sRCVmIN/XuOenbmldAAyTYaw==",
      "dev": true
    },
    "intl-messageformat": {
      "version": "1.3.0",
      "resolved": "https://registry.npmjs.org/intl-messageformat/-/intl-messageformat-1.3.0.tgz",
      "integrity": "sha1-99kmre16OrGbLcYB79VOmaS9Tq4=",
      "requires": {
        "intl-messageformat-parser": "1.2.0"
      }
    },
    "intl-messageformat-parser": {
      "version": "1.2.0",
      "resolved": "https://registry.npmjs.org/intl-messageformat-parser/-/intl-messageformat-parser-1.2.0.tgz",
      "integrity": "sha1-WQa3+VOrdHDg3IVJCXtki5kYkv8="
    },
    "ramda": {
      "version": "0.25.0",
      "resolved": "https://registry.npmjs.org/ramda/-/ramda-0.25.0.tgz",
      "integrity": "sha512-GXpfrYVPwx3K7RQ6aYT8KPS8XViSXUVJT1ONhoKPE9VAleW42YE+U+8VEyGWt41EnEQW7gwecYJriTI0pKoecQ=="
    },
    "typescript": {
      "version": "2.7.1",
      "resolved": "https://registry.npmjs.org/typescript/-/typescript-2.7.1.tgz",
      "integrity": "sha512-bqB1yS6o9TNA9ZC/MJxM0FZzPnZdtHj0xWK/IZ5khzVqdpGul/R/EIiHRgFXlwTD7PSIaYVnGKq1QgMCu2mnqw==",
      "dev": true
    },
    "underscore": {
      "version": "1.8.3",
      "resolved": "https://registry.npmjs.org/underscore/-/underscore-1.8.3.tgz",
      "integrity": "sha1-Tz+1OxBuYJf8+ctBCfKl6b36UCI="
    },
    "validator": {
      "version": "7.2.0",
      "resolved": "https://registry.npmjs.org/validator/-/validator-7.2.0.tgz",
      "integrity": "sha512-c8NGTUYeBEcUIGeMppmNVKHE7wwfm3mYbNZxV+c5mlv9fDHI7Ad3p07qfNrn/CvpdkK2k61fOLRO2sTEhgQXmg=="
    }
  }
}
