# THIS IS AN AUTOGENERATED FILE. DO NOT EDIT THIS FILE DIRECTLY.
# yarn lockfile v1


"@j.u.p.iter/errors@^1.0.0":
  version "1.0.0"
  resolved "https://registry.yarnpkg.com/@j.u.p.iter/errors/-/errors-1.0.0.tgz#5d879498600cb10ad9aafc71400a1c76be329f72"

"@j.u.p.iter/i18n@1.0.6":
  version "1.0.6"
  resolved "https://registry.yarnpkg.com/@j.u.p.iter/i18n/-/i18n-1.0.6.tgz#5f9b38cd83b9ca111dfeb2183245ba4563197b35"
  dependencies:
    intl-messageformat "^1.3.0"

"@j.u.p.iter/json-parser@^1.0.2":
  version "1.0.2"
  resolved "https://registry.yarnpkg.com/@j.u.p.iter/json-parser/-/json-parser-1.0.2.tgz#db81bcc8e449b811a2f9978b99f25dfc4e9b48e1"
  dependencies:
    "@types/node" "^7.0.29"

"@types/node@^7.0.29":
  version "7.0.29"
  resolved "https://registry.yarnpkg.com/@types/node/-/node-7.0.29.tgz#ccfcec5b7135c7caf6c4ffb8c7f33102340d99df"

"@types/underscore@^1.8.1":
  version "1.8.1"
  resolved "https://registry.yarnpkg.com/@types/underscore/-/underscore-1.8.1.tgz#bf5d680f24277284d4e42fed86bd86e5a59a44a4"

"@types/validator@^6.2.0":
  version "6.2.0"
  resolved "https://registry.yarnpkg.com/@types/validator/-/validator-6.2.0.tgz#020322fe1929f69889eb675a1bdb5a98394b71f0"

intl-messageformat-parser@1.2.0:
  version "1.2.0"
  resolved "https://registry.yarnpkg.com/intl-messageformat-parser/-/intl-messageformat-parser-1.2.0.tgz#5906b7f953ab7470e0dc8549097b648b991892ff"

intl-messageformat@^1.3.0:
  version "1.3.0"
  resolved "https://registry.yarnpkg.com/intl-messageformat/-/intl-messageformat-1.3.0.tgz#f7d926aded7a3ab19b2dc601efd54e99a4bd4eae"
  dependencies:
    intl-messageformat-parser "1.2.0"

typescript@^2.3.4:
  version "2.3.4"
  resolved "https://registry.yarnpkg.com/typescript/-/typescript-2.3.4.tgz#3d38321828231e434f287514959c37a82b629f42"

underscore@^1.8.3:
  version "1.8.3"
  resolved "https://registry.yarnpkg.com/underscore/-/underscore-1.8.3.tgz#4f3fb53b106e6097fcf9cb4109f2a5e9bdfa5022"

validator@^7.0.0:
  version "7.0.0"
  resolved "https://registry.yarnpkg.com/validator/-/validator-7.0.0.tgz#c74deb8063512fac35547938e6f0b1504a282fd2"
